// !$*UTF8*$!
{
	archiveVersion = 1;
	classes = {};
	objectVersion = 60;
	objects = {
		153520FC42C9DFEDEAF57315 /* ref_BopaviApp.swift */ = { isa = PBXFileReference; lastKnownFileType = sourcecode.swift; path = BopaviApp.swift; sourceTree = "<group>"; };
		5B80F9869DC3A233DFE9A556 /* build_BopaviApp.swift */ = { isa = PBXBuildFile; fileRef = 153520FC42C9DFEDEAF57315 /* BopaviApp.swift */; };
		1765B93C343E15174C01FA8C /* ref_BopaviCore.swift */ = { isa = PBXFileReference; lastKnownFileType = sourcecode.swift; path = BopaviCore.swift; sourceTree = "<group>"; };
		4E3AF5BAA2B164F8B033D7BD /* build_BopaviCore.swift */ = { isa = PBXBuildFile; fileRef = 1765B93C343E15174C01FA8C /* BopaviCore.swift */; };
		11785D2CFCC4F11527DF2FA9 /* ref_ProgressStore.swift */ = { isa = PBXFileReference; lastKnownFileType = sourcecode.swift; path = ProgressStore.swift; sourceTree = "<group>"; };
		697A133761D36916AA37680A /* build_ProgressStore.swift */ = { isa = PBXBuildFile; fileRef = 11785D2CFCC4F11527DF2FA9 /* ProgressStore.swift */; };
		ABB067F9C79D535CE62BA023 /* ref_GameCanvas.swift */ = { isa = PBXFileReference; lastKnownFileType = sourcecode.swift; path = GameCanvas.swift; sourceTree = "<group>"; };
		94EFEA0FAFEDD44FA7E5CC69 /* build_GameCanvas.swift */ = { isa = PBXBuildFile; fileRef = ABB067F9C79D535CE62BA023 /* GameCanvas.swift */; };
		992F9BEE2D9DC98899B9AF7B /* ref_GameController.swift */ = { isa = PBXFileReference; lastKnownFileType = sourcecode.swift; path = GameController.swift; sourceTree = "<group>"; };
		1A55350AB4E5D8234AC7F2C6 /* build_GameController.swift */ = { isa = PBXBuildFile; fileRef = 992F9BEE2D9DC98899B9AF7B /* GameController.swift */; };
		ABCDEF111111111111111111 /* ref_Soundscape.swift */ = { isa = PBXFileReference; lastKnownFileType = sourcecode.swift; path = Soundscape.swift; sourceTree = "<group>"; };
		ABCDEF222222222222222222 /* build_Soundscape.swift */ = { isa = PBXBuildFile; fileRef = ABCDEF111111111111111111 /* Soundscape.swift */; };
		ABCDEF333333333333333333 /* ref_audio */ = { isa = PBXFileReference; lastKnownFileType = folder; path = Audio; sourceTree = "<group>"; };
		ABCDEF444444444444444444 /* build_audio */ = { isa = PBXBuildFile; fileRef = ABCDEF333333333333333333 /* Audio */; };
		43B0D0EC9DECB26F62914023 /* ref_assets */ = { isa = PBXFileReference; lastKnownFileType = folder.assetcatalog; path = Assets.xcassets; sourceTree = "<group>"; };
		2EA37F365B30E5EA199C0542 /* build_assets */ = { isa = PBXBuildFile; fileRef = 43B0D0EC9DECB26F62914023 /* Assets.xcassets */; };
		33B3905B6417E24EFC47FC9F /* ref_plist */ = { isa = PBXFileReference; lastKnownFileType = text.plist.xml; path = Info.plist; sourceTree = "<group>"; };
		DF8B76EAEED2F860F31FA10A /* product */ = { isa = PBXFileReference; explicitFileType = wrapper.application; includeInIndex = 0; path = BOPAVI.app; sourceTree = BUILT_PRODUCTS_DIR; };
		DE5716FA486E70F880C4A87C /* group_root */ = { isa = PBXGroup; children = ( 6AC1DC363085474DF42CB49B, E9E6863ACEFD711A68FE81C8, ); sourceTree = "<group>"; };
		6AC1DC363085474DF42CB49B /* group_src */ = { isa = PBXGroup; children = ( 153520FC42C9DFEDEAF57315, 1765B93C343E15174C01FA8C, 11785D2CFCC4F11527DF2FA9, ABB067F9C79D535CE62BA023, 992F9BEE2D9DC98899B9AF7B, ABCDEF111111111111111111, ABCDEF333333333333333333, 43B0D0EC9DECB26F62914023, 33B3905B6417E24EFC47FC9F, ); path = BOPAVI; sourceTree = "<group>"; };
		E9E6863ACEFD711A68FE81C8 /* group_products */ = { isa = PBXGroup; children = ( DF8B76EAEED2F860F31FA10A, ); name = Products; sourceTree = "<group>"; };
		33C3CE7454629F3CFDF59D45 /* sources */ = { isa = PBXSourcesBuildPhase; buildActionMask = 2147483647; files = ( 5B80F9869DC3A233DFE9A556, 4E3AF5BAA2B164F8B033D7BD, 697A133761D36916AA37680A, 94EFEA0FAFEDD44FA7E5CC69, 1A55350AB4E5D8234AC7F2C6, ABCDEF222222222222222222, ); runOnlyForDeploymentPostprocessing = 0; };
		CC8306FD763C61567DFE2B95 /* resources */ = { isa = PBXResourcesBuildPhase; buildActionMask = 2147483647; files = (2EA37F365B30E5EA199C0542, ABCDEF444444444444444444,); runOnlyForDeploymentPostprocessing = 0; };
		0AC80F6E9CFED270E973ADC5 /* target_configlist */ = { isa = XCConfigurationList; buildConfigurations = (065A495C10EBC8D37EFC5DE6, 77DF0675C571ADC2FA479D89); defaultConfigurationIsVisible = 0; defaultConfigurationName = Release; };
		0FA22BE11B2A67C3A8F2F7E1 /* project_configlist */ = { isa = XCConfigurationList; buildConfigurations = (4E34B59608E5CD886C1D199B, F3D67DE9F8F3FAB225B52F8E); defaultConfigurationIsVisible = 0; defaultConfigurationName = Release; };
		4E34B59608E5CD886C1D199B /* project_debug */ = { isa = XCBuildConfiguration; buildSettings = { ALWAYS_SEARCH_USER_PATHS = NO; CLANG_ENABLE_MODULES = YES; GCC_C_LANGUAGE_STANDARD = gnu17; SDKROOT = iphoneos; SWIFT_VERSION = 5.0; IPHONEOS_DEPLOYMENT_TARGET = 15.0; SWIFT_OPTIMIZATION_LEVEL = "-Onone"; DEBUG_INFORMATION_FORMAT = dwarf; GCC_OPTIMIZATION_LEVEL = 0;  }; name = Debug; };
		065A495C10EBC8D37EFC5DE6 /* target_debug */ = { isa = XCBuildConfiguration; buildSettings = { ASSETCATALOG_COMPILER_APPICON_NAME = AppIcon; CODE_SIGN_STYLE = Automatic; CURRENT_PROJECT_VERSION = 34; GENERATE_INFOPLIST_FILE = NO; INFOPLIST_FILE = BOPAVI/Info.plist; IPHONEOS_DEPLOYMENT_TARGET = 15.0; MARKETING_VERSION = 0.1.31; PRODUCT_BUNDLE_IDENTIFIER = com.brendigo.bopavi; PRODUCT_NAME = BOPAVI; SUPPORTED_PLATFORMS = "iphoneos iphonesimulator"; SWIFT_VERSION = 5.0; TARGETED_DEVICE_FAMILY = "1,2"; SWIFT_OPTIMIZATION_LEVEL = "-Onone";  }; name = Debug; };
		F3D67DE9F8F3FAB225B52F8E /* project_release */ = { isa = XCBuildConfiguration; buildSettings = { ALWAYS_SEARCH_USER_PATHS = NO; CLANG_ENABLE_MODULES = YES; GCC_C_LANGUAGE_STANDARD = gnu17; SDKROOT = iphoneos; SWIFT_VERSION = 5.0; IPHONEOS_DEPLOYMENT_TARGET = 15.0; SWIFT_OPTIMIZATION_LEVEL = "-O"; DEBUG_INFORMATION_FORMAT = "dwarf-with-dsym";  }; name = Release; };
		77DF0675C571ADC2FA479D89 /* target_release */ = { isa = XCBuildConfiguration; buildSettings = { ASSETCATALOG_COMPILER_APPICON_NAME = AppIcon; CODE_SIGN_STYLE = Automatic; CURRENT_PROJECT_VERSION = 34; GENERATE_INFOPLIST_FILE = NO; INFOPLIST_FILE = BOPAVI/Info.plist; IPHONEOS_DEPLOYMENT_TARGET = 15.0; MARKETING_VERSION = 0.1.31; PRODUCT_BUNDLE_IDENTIFIER = com.brendigo.bopavi; PRODUCT_NAME = BOPAVI; SUPPORTED_PLATFORMS = "iphoneos iphonesimulator"; SWIFT_VERSION = 5.0; TARGETED_DEVICE_FAMILY = "1,2";  }; name = Release; };
		7311D4F0AE4EFAAE26E3FF82 /* target */ = { isa = PBXNativeTarget; buildConfigurationList = 0AC80F6E9CFED270E973ADC5; buildPhases = ( 33C3CE7454629F3CFDF59D45, CC8306FD763C61567DFE2B95, ); buildRules = (); dependencies = (); name = BOPAVI; productName = BOPAVI; productReference = DF8B76EAEED2F860F31FA10A; productType = "com.apple.product-type.application"; };
		211C7E497ECB0D4B67AF0B74 /* project */ = { isa = PBXProject; attributes = { LastUpgradeCheck = 1600; TargetAttributes = { 7311D4F0AE4EFAAE26E3FF82 = { CreatedOnToolsVersion = 16.0; }; }; }; buildConfigurationList = 0FA22BE11B2A67C3A8F2F7E1; compatibilityVersion = "Xcode 15.0"; developmentRegion = hr; hasScannedForEncodings = 0; knownRegions = (hr,en,Base); mainGroup = DE5716FA486E70F880C4A87C; productRefGroup = E9E6863ACEFD711A68FE81C8; projectDirPath = ""; projectRoot = ""; targets = (7311D4F0AE4EFAAE26E3FF82,); };
	};
	rootObject = 211C7E497ECB0D4B67AF0B74 /* Project object */;
}
